
Microsoft Visual Studio Solution File, Format Version 12.00
# Visual Studio Version 16
VisualStudioVersion = 16.0.31129.286
MinimumVisualStudioVersion = 10.0.40219.1
Project("{9A19103F-16F7-4668-BE54-9A1E7A4F7556}") = "WebApi.Backend", "WebApi.Backend\WebApi.Backend.csproj", "{36527AD2-9DB4-447E-9B10-31DA64CE1FAF}"
EndProject
Project("{FAE04EC0-301F-11D3-BF4B-00C04F79EFBC}") = "WebApp.FrontEnd", "WebApp.FrontEnd\WebApp.FrontEnd.csproj", "{34C085D7-1416-48D0-8622-2F5232A80138}"
EndProject
Global
	GlobalSection(SolutionConfigurationPlatforms) = preSolution
		Debug|Any CPU = Debug|Any CPU
		Release|Any CPU = Release|Any CPU
	EndGlobalSection
	GlobalSection(ProjectConfigurationPlatforms) = postSolution
		{36527AD2-9DB4-447E-9B10-31DA64CE1FAF}.Debug|Any CPU.ActiveCfg = Debug|Any CPU
		{36527AD2-9DB4-447E-9B10-31DA64CE1FAF}.Debug|Any CPU.Build.0 = Debug|Any CPU
		{36527AD2-9DB4-447E-9B10-31DA64CE1FAF}.Release|Any CPU.ActiveCfg = Release|Any CPU
		{36527AD2-9DB4-447E-9B10-31DA64CE1FAF}.Release|Any CPU.Build.0 = Release|Any CPU
		{34C085D7-1416-48D0-8622-2F5232A80138}.Debug|Any CPU.ActiveCfg = Debug|Any CPU
		{34C085D7-1416-48D0-8622-2F5232A80138}.Debug|Any CPU.Build.0 = Debug|Any CPU
		{34C085D7-1416-48D0-8622-2F5232A80138}.Release|Any CPU.ActiveCfg = Release|Any CPU
		{34C085D7-1416-48D0-8622-2F5232A80138}.Release|Any CPU.Build.0 = Release|Any CPU
	EndGlobalSection
	GlobalSection(SolutionProperties) = preSolution
		HideSolutionNode = FALSE
	EndGlobalSection
	GlobalSection(ExtensibilityGlobals) = postSolution
		SolutionGuid = {8A2B9188-3180-43ED-80C3-BD5F67E1CF9F}
	EndGlobalSection
EndGlobal
